dependencies:
  '@uppload/common': 0.10.0
  '@uppload/plugin': 0.10.0
lockfileVersion: 5.1
packages:
  /@uppload/common/0.10.0:
    dev: false
    resolution:
      integrity: sha512-PoxcieJL/ZrSNP8zy4TY8GaZTtNs361Shx+FicNjahDdOF0YRYGXfzkwjqVq1mzwSzHupom/Qv+EhPNQWwk7CQ==
  /@uppload/plugin/0.10.0:
    dev: false
    resolution:
      integrity: sha512-hIpRYqm70IPGYcsopAikrajODjMNMpYyYAHM9GzF6KSxtL5El460l6i1SR2+6dFY1Ics3wSLzb81GaZb2Zpz9A==
specifiers:
  '@uppload/common': ^0.10.0
  '@uppload/plugin': ^0.10.0
