dependencies:
  '@uppload/service': 0.12.0
  '@uppload/uploader': 0.12.0
  mitt: 1.2.0
lockfileVersion: 5.1
packages:
  /@uppload/common/0.10.0:
    dev: false
    resolution:
      integrity: sha512-PoxcieJL/ZrSNP8zy4TY8GaZTtNs361Shx+FicNjahDdOF0YRYGXfzkwjqVq1mzwSzHupom/Qv+EhPNQWwk7CQ==
  /@uppload/plugin/0.11.0:
    dev: false
    resolution:
      integrity: sha512-WKrX7wDAtqUwGS2qXa6467MkosMrboeCZSLhsfrGZkS6LvoW5XUB106FlAaJw2xvzs02+Q9yMGAGVqGjhxYcVw==
  /@uppload/service/0.12.0:
    dependencies:
      '@uppload/common': 0.10.0
      '@uppload/plugin': 0.11.0
    dev: false
    resolution:
      integrity: sha512-K+QreF2+HihWfSa6KSviCRgzrRj7Of7GCb6ILM4izbCiRn7uC/IgYAevs2biBf5XSyaB07QWvS+nN06Q2PMQww==
  /@uppload/uploader/0.12.0:
    dependencies:
      '@uppload/plugin': 0.11.0
    dev: false
    resolution:
      integrity: sha512-9+M4vSaR4qM8JdWmLOi0CPdQ/EGIf35Elswr4OrsnHAxcyUdIxY3/WAdju4uKgY/HM85ETVglakobl2/ZylRVQ==
  /mitt/1.2.0:
    dev: false
    resolution:
      integrity: sha512-r6lj77KlwqLhIUku9UWYes7KJtsczvolZkzp8hbaDPPaE24OmWl5s539Mytlj22siEQKosZ26qCBgda2PKwoJw==
specifiers:
  '@uppload/service': ^0.12.0
  '@uppload/uploader': ^0.12.0
  mitt: ^1.2.0
