dependencies:
  '@uppload/uploader': 0.11.0
devDependencies:
  firebase: 7.2.3
lockfileVersion: 5.1
packages:
  /@firebase/analytics-types/0.2.2:
    dev: true
    resolution:
      integrity: sha512-5qLwkztNdRiLMQCsxmol1FxfGddb9xpensM2y++3rv1e0L4yI+MRR9SHSC00i847tGZDrMt2u67Dyko/xmrgCA==
  /@firebase/analytics/0.2.4_829e69a4674e6cf8897993fe254f6028:
    dependencies:
      '@firebase/analytics-types': 0.2.2
      '@firebase/app': 0.4.22
      '@firebase/app-types': 0.4.7
      '@firebase/installations': 0.3.3_829e69a4674e6cf8897993fe254f6028
      '@firebase/util': 0.2.31
      tslib: 1.10.0
    dev: true
    peerDependencies:
      '@firebase/app': 0.x
      '@firebase/app-types': 0.x
    resolution:
      integrity: sha512-sipS72tA93+hopwXs1uuwK0RNJvx2jHxEUWkTZZ39KlsHhqHGiY4f9o1qiigN8b2ujJUf2Vf70CGXAKKLC/OWA==
  /@firebase/app-types/0.4.7:
    dev: true
    resolution:
      integrity: sha512-4LnhDYsUhgxMBnCfQtWvrmMy9XxeZo059HiRbpt3ufdpUcZZOBDOouQdjkODwHLhcnNrB7LeyiqYpS2jrLT8Mw==
  /@firebase/app/0.4.22:
    dependencies:
      '@firebase/app-types': 0.4.7
      '@firebase/logger': 0.1.28
      '@firebase/util': 0.2.31
      dom-storage: 2.1.0
      tslib: 1.10.0
      xmlhttprequest: 1.8.0
    dev: true
    resolution:
      integrity: sha512-XHf2vpX8JtYc181Za+X3S4dTEVzdFu17N9DfngsnO+2U4QcrUARFtClBOzCXjbyiJVPt5A8QjYJV49Wi3sqyig==
  /@firebase/auth-types/0.8.2_8f2968fbf7536775911ea82a7373898b:
    dependencies:
      '@firebase/app-types': 0.4.7
      '@firebase/util': 0.2.31
    dev: true
    peerDependencies:
      '@firebase/app-types': 0.x
      '@firebase/util': 0.x
    resolution:
      integrity: sha512-qcP7wZ76CIb7IN+K544GomA42cCS36KZmQ3n9Ou1JsYplEaMo52x4UuQTZFqlRoMaUWi61oQ9jiuE5tOAMJwDA==
  /@firebase/auth/0.12.3_ccb88ecaffeefaf687be96d50ab07f39:
    dependencies:
      '@firebase/app': 0.4.22
      '@firebase/auth-types': 0.8.2_8f2968fbf7536775911ea82a7373898b
    dev: true
    peerDependencies:
      '@firebase/app': 0.x
      '@firebase/app-types': '*'
      '@firebase/util': '*'
    resolution:
      integrity: sha512-w4bDznykC4rJIq/Zk8AxB+tpTi5/HT+ti0yLyoyPihLRulWVz4HVB9zghQfeyqMPoBGH1YtwaiZWG7Kk9Tyo8Q==
  /@firebase/database-types/0.4.7:
    dependencies:
      '@firebase/app-types': 0.4.7
    dev: true
    resolution:
      integrity: sha512-7UHZ0n6aj3sR5W4HsU18dysHMSIS6348xWTMypoA0G4mORaQSuleCSL6zJLaCosarDEojnncy06yW69fyFxZtA==
  /@firebase/database/0.5.10:
    dependencies:
      '@firebase/database-types': 0.4.7
      '@firebase/logger': 0.1.28
      '@firebase/util': 0.2.31
      faye-websocket: 0.11.3
      tslib: 1.10.0
    dev: true
    resolution:
      integrity: sha512-bzQAWYYH1byh9G6OTYAuTSvTeODyJ60QaL92dVtfnZGh7UQDsluTJ9iivH/ev7PJt43tYqI+2VmrEhbtrr/Zow==
  /@firebase/firestore-types/1.6.2_@firebase+app-types@0.4.7:
    dependencies:
      '@firebase/app-types': 0.4.7
    dev: true
    peerDependencies:
      '@firebase/app-types': 0.x
    resolution:
      integrity: sha512-GsBlAqNft1pwEWNKnQWwwqzLoyfUSC3bSb1e7yxu5+NKaJO+uUD48KrZUTDu94pgPLkJslj8SLkl9FVjNJa8Xw==
  /@firebase/firestore/1.6.4_829e69a4674e6cf8897993fe254f6028:
    dependencies:
      '@firebase/app': 0.4.22
      '@firebase/app-types': 0.4.7
      '@firebase/firestore-types': 1.6.2_@firebase+app-types@0.4.7
      '@firebase/logger': 0.1.28
      '@firebase/util': 0.2.31
      '@firebase/webchannel-wrapper': 0.2.29
      '@grpc/proto-loader': 0.5.2
      grpc: 1.24.1
      tslib: 1.10.0
    dev: true
    peerDependencies:
      '@firebase/app': 0.x
      '@firebase/app-types': 0.x
    resolution:
      integrity: sha512-qASkdJgA6oryJAE6H+LewXLxLW6XYl7qIylQW/vJAAZZed5N4+h89qdE3PXGHA61lEe+kdYidskvn9rJQGINgw==
  /@firebase/functions-types/0.3.10:
    dev: true
    resolution:
      integrity: sha512-QDh7HOxfUzLxj49szekgXxdkXz6ZwwK/63DKeDbRYMKzxo17I01+2GVisdBmUW5NkllVLgVvtOfqKbbEfndqdw==
  /@firebase/functions/0.4.23_829e69a4674e6cf8897993fe254f6028:
    dependencies:
      '@firebase/app': 0.4.22
      '@firebase/app-types': 0.4.7
      '@firebase/functions-types': 0.3.10
      '@firebase/messaging-types': 0.3.4_@firebase+app-types@0.4.7
      isomorphic-fetch: 2.2.1
      tslib: 1.10.0
    dev: true
    peerDependencies:
      '@firebase/app': 0.x
      '@firebase/app-types': 0.x
    resolution:
      integrity: sha512-QGnnNCgYOUhb1No5qYVjjMbkjBgnbBeF5rZ/eBzzLvLKtd9LjxIuxAXhOGMSHNLEngYWjiSZMJu2Nu+hED/ThA==
  /@firebase/installations-types/0.2.1_@firebase+app-types@0.4.7:
    dependencies:
      '@firebase/app-types': 0.4.7
    dev: true
    peerDependencies:
      '@firebase/app-types': 0.x
    resolution:
      integrity: sha512-647hwBhMKOjoLndCyi9XmT1wnrRc2T8aGIAoZBqy7rxFqu3c9jZRk3THfufLy1xvAJC3qqYavETrRYF3VigM7Q==
  /@firebase/installations/0.3.3_829e69a4674e6cf8897993fe254f6028:
    dependencies:
      '@firebase/app': 0.4.22
      '@firebase/app-types': 0.4.7
      '@firebase/installations-types': 0.2.1_@firebase+app-types@0.4.7
      '@firebase/util': 0.2.31
      idb: 3.0.2
      tslib: 1.10.0
    dev: true
    peerDependencies:
      '@firebase/app': 0.x
      '@firebase/app-types': 0.x
    resolution:
      integrity: sha512-ay0FuP4ooqWzK+tLS6Nv/aOQ92exRbqzBinM9C4F21p/u66dvE3JTbRwRXQi+BjYi/Ofd4MMUrsZEc9/kOxxRg==
  /@firebase/logger/0.1.28:
    dev: true
    resolution:
      integrity: sha512-bzCJ6v5JrgQdut+3R+t6hVU7O3QnV15ay+HA9ejATZqQfMtwewDAYendNRmSZBjoR8BcrVO490L4vVhPQJRJNw==
  /@firebase/messaging-types/0.3.4_@firebase+app-types@0.4.7:
    dependencies:
      '@firebase/app-types': 0.4.7
    dev: true
    peerDependencies:
      '@firebase/app-types': 0.x
    resolution:
      integrity: sha512-ytOzB08u8Z15clbq9cAjhFzUs4WRy13A7gRphjnf5rQ+gsrqb4mpcsGIp0KeOcu7MjcN9fqjO5nbVaw0t2KJpQ==
  /@firebase/messaging/0.5.4_829e69a4674e6cf8897993fe254f6028:
    dependencies:
      '@firebase/app': 0.4.22
      '@firebase/app-types': 0.4.7
      '@firebase/installations': 0.3.3_829e69a4674e6cf8897993fe254f6028
      '@firebase/messaging-types': 0.3.4_@firebase+app-types@0.4.7
      '@firebase/util': 0.2.31
      tslib: 1.10.0
    dev: true
    peerDependencies:
      '@firebase/app': 0.x
      '@firebase/app-types': 0.x
    resolution:
      integrity: sha512-RF6n/03mwkjNsKMhX9DB0jausb39CScGKiUGTVT/d+rj6Lk1l3JGJGMVYkdJ339hyV9EwbGzFTYRfkehSJEBTA==
  /@firebase/performance-types/0.0.5:
    dev: true
    resolution:
      integrity: sha512-7BOQ2sZZzaIvxscgan/uP8GcH2FZXzqGcQnXvUZBXfXignAM80hJ7UOjVRETa4UjtDehWcD/pZDDivupKtKUyg==
  /@firebase/performance/0.2.23_829e69a4674e6cf8897993fe254f6028:
    dependencies:
      '@firebase/app': 0.4.22
      '@firebase/app-types': 0.4.7
      '@firebase/installations': 0.3.3_829e69a4674e6cf8897993fe254f6028
      '@firebase/logger': 0.1.28
      '@firebase/performance-types': 0.0.5
      '@firebase/util': 0.2.31
      tslib: 1.10.0
    dev: true
    peerDependencies:
      '@firebase/app': 0.x
      '@firebase/app-types': 0.x
    resolution:
      integrity: sha512-Yf861DZ2F0FCuVX6ukrtjWB4jrP2xvp6W1coCDrxJxnRuvTpapE5U7oxYotXslPTRnoLOgfgMLxj2UYxXoA/mw==
  /@firebase/polyfill/0.3.26:
    dependencies:
      core-js: 3.3.3
      promise-polyfill: 8.1.3
      whatwg-fetch: 2.0.4
    dev: true
    resolution:
      integrity: sha512-x3dyOQG7E0Pfaw0UuevXBOsjX/etTwCVMbEXPtzLKsaV7woB/6aep2iz16YC7s5vgShUGkwrQwvP+S6rcnu1Fw==
  /@firebase/remote-config-types/0.1.2:
    dev: true
    resolution:
      integrity: sha512-V1LutCn9fHC5ckkjJFGGB7z72xdg50RVaCkR80x4iJXqac0IpbEr1/k29HSPKiAlf+aIYyj6gFzl7gn4ZzsUcA==
  /@firebase/remote-config/0.1.4_829e69a4674e6cf8897993fe254f6028:
    dependencies:
      '@firebase/app': 0.4.22
      '@firebase/app-types': 0.4.7
      '@firebase/installations': 0.3.3_829e69a4674e6cf8897993fe254f6028
      '@firebase/logger': 0.1.28
      '@firebase/remote-config-types': 0.1.2
      '@firebase/util': 0.2.31
      tslib: 1.10.0
    dev: true
    peerDependencies:
      '@firebase/app': 0.x
      '@firebase/app-types': 0.x
    resolution:
      integrity: sha512-CbwHb24MtocbNcYEoDX6sdiBd8kbTS5bIKFJy6YCsrvf24baPOsq7Hl2FpYcie+HGcy6Fce3VfLKbEzR6Y8nvA==
  /@firebase/storage-types/0.3.5_8f2968fbf7536775911ea82a7373898b:
    dependencies:
      '@firebase/app-types': 0.4.7
      '@firebase/util': 0.2.31
    dev: true
    peerDependencies:
      '@firebase/app-types': 0.x
      '@firebase/util': 0.x
    resolution:
      integrity: sha512-rbG6ge3xmte0nUt0asMToPqmNRU4tCJuu73Uy0UJV4uMBQA7e27EXbPza3nBpeOrgASBV9eWPD5AzecjBvTyzQ==
  /@firebase/storage/0.3.17_829e69a4674e6cf8897993fe254f6028:
    dependencies:
      '@firebase/app': 0.4.22
      '@firebase/app-types': 0.4.7
      '@firebase/storage-types': 0.3.5_8f2968fbf7536775911ea82a7373898b
      '@firebase/util': 0.2.31
      tslib: 1.10.0
    dev: true
    peerDependencies:
      '@firebase/app': 0.x
      '@firebase/app-types': 0.x
    resolution:
      integrity: sha512-VUjNHqxKtCKmujxYvAv6UUJutFBnMhNDjvXM01QZavDbqjUF0Q6MQ9asFm3uLDvUO8EonACWw3dExG2MVdKB/A==
  /@firebase/util/0.2.31:
    dependencies:
      tslib: 1.10.0
    dev: true
    resolution:
      integrity: sha512-Iv+M2oluKHgDux5PqKFy8VtujO/1gOURmWKVLXyVLnrZKAFrU6etdBeWA1n+eXLnGJzreQF1JD9k8caMDD7CoQ==
  /@firebase/webchannel-wrapper/0.2.29:
    dev: true
    resolution:
      integrity: sha512-veAoFK0EdzeGcoje7ssiMxoU3WBXuEP+TUPEbd6mqVhBECcLDCQrBQNU3e2Z05BWQMoDLKkLI+cSvkAr+En7bA==
  /@grpc/proto-loader/0.5.2:
    dependencies:
      lodash.camelcase: 4.3.0
      protobufjs: 6.8.8
    dev: true
    engines:
      node: '>=6'
    resolution:
      integrity: sha512-eBKD/FPxQoY1x6QONW2nBd54QUEyzcFP9FenujmoeDPy1rutVSHki1s/wR68F6O1QfCNDx+ayBH1O2CVNMzyyw==
  /@protobufjs/aspromise/1.1.2:
    dev: true
    resolution:
      integrity: sha1-m4sMxmPWaafY9vXQiToU00jzD78=
  /@protobufjs/base64/1.1.2:
    dev: true
    resolution:
      integrity: sha512-AZkcAA5vnN/v4PDqKyMR5lx7hZttPDgClv83E//FMNhR2TMcLUhfRUBHCmSl0oi9zMgDDqRUJkSxO3wm85+XLg==
  /@protobufjs/codegen/2.0.4:
    dev: true
    resolution:
      integrity: sha512-YyFaikqM5sH0ziFZCN3xDC7zeGaB/d0IUb9CATugHWbd1FRFwWwt4ld4OYMPWu5a3Xe01mGAULCdqhMlPl29Jg==
  /@protobufjs/eventemitter/1.1.0:
    dev: true
    resolution:
      integrity: sha1-NVy8mLr61ZePntCV85diHx0Ga3A=
  /@protobufjs/fetch/1.1.0:
    dependencies:
      '@protobufjs/aspromise': 1.1.2
      '@protobufjs/inquire': 1.1.0
    dev: true
    resolution:
      integrity: sha1-upn7WYYUr2VwDBYZ/wbUVLDYTEU=
  /@protobufjs/float/1.0.2:
    dev: true
    resolution:
      integrity: sha1-Xp4avctz/Ap8uLKR33jIy9l7h9E=
  /@protobufjs/inquire/1.1.0:
    dev: true
    resolution:
      integrity: sha1-/yAOPnzyQp4tyvwRQIKOjMY48Ik=
  /@protobufjs/path/1.1.2:
    dev: true
    resolution:
      integrity: sha1-bMKyDFya1q0NzP0hynZz2Nf79o0=
  /@protobufjs/pool/1.1.0:
    dev: true
    resolution:
      integrity: sha1-Cf0V8tbTq/qbZbw2ZQbWrXhG/1Q=
  /@protobufjs/utf8/1.1.0:
    dev: true
    resolution:
      integrity: sha1-p3c2C1s5oaLlEG+OhY8v0tBgxXA=
  /@types/bytebuffer/5.0.40:
    dependencies:
      '@types/long': 4.0.0
      '@types/node': 12.12.5
    dev: true
    resolution:
      integrity: sha512-h48dyzZrPMz25K6Q4+NCwWaxwXany2FhQg/ErOcdZS1ZpsaDnDMZg8JYLMTGz7uvXKrcKGJUZJlZObyfgdaN9g==
  /@types/long/4.0.0:
    dev: true
    resolution:
      integrity: sha512-1w52Nyx4Gq47uuu0EVcsHBxZFJgurQ+rTKS3qMHxR1GY2T8c2AJYd6vZoZ9q1rupaDjU0yT+Jc2XTyXkjeMA+Q==
  /@types/node/10.17.3:
    dev: true
    resolution:
      integrity: sha512-QZ9CjUB3QoA3f2afw3utKlfRPhpmufB7jC2+oDhLWnXqoyx333fhKSQDLQu2EK7OE0a15X67eYiRAaJsHXrpMA==
  /@types/node/12.12.5:
    dev: true
    resolution:
      integrity: sha512-KEjODidV4XYUlJBF3XdjSH5FWoMCtO0utnhtdLf1AgeuZLOrRbvmU/gaRCVg7ZaQDjVf3l84egiY0mRNe5xE4A==
  /@uppload/plugin/0.10.0:
    dev: false
    resolution:
      integrity: sha512-hIpRYqm70IPGYcsopAikrajODjMNMpYyYAHM9GzF6KSxtL5El460l6i1SR2+6dFY1Ics3wSLzb81GaZb2Zpz9A==
  /@uppload/uploader/0.11.0:
    dependencies:
      '@uppload/plugin': 0.10.0
    dev: false
    resolution:
      integrity: sha512-bwDZ+ChnYpTZJJlNMFrFWRRNfWgivtJ5I5BUG2Dz0ddE/L8p3REYTCAqA7439kxKY22owuNS3LHvLwKJNZofzA==
  /ansi-regex/2.1.1:
    dev: true
    engines:
      node: '>=0.10.0'
    resolution:
      integrity: sha1-w7M6te42DYbg5ijwRorn7yfWVN8=
  /ascli/1.0.1:
    dependencies:
      colour: 0.7.1
      optjs: 3.2.2
    dev: true
    resolution:
      integrity: sha1-vPpZdKYvGOgcq660lzKrSoj5Brw=
  /balanced-match/1.0.0:
    dev: true
    resolution:
      integrity: sha1-ibTRmasr7kneFk6gK4nORi1xt2c=
  /brace-expansion/1.1.11:
    dependencies:
      balanced-match: 1.0.0
      concat-map: 0.0.1
    dev: true
    resolution:
      integrity: sha512-iCuPHDFgrHX7H2vEI/5xpz07zSHB00TpugqhmYtVmMO6518mCuRMoOYFldEBl0g187ufozdaHgWKcYFb61qGiA==
  /bytebuffer/5.0.1:
    dependencies:
      long: 3.2.0
    dev: true
    engines:
      node: '>=0.8'
    resolution:
      integrity: sha1-WC7qSxqHO20CCkjVjfhfC7ps/d0=
  /camelcase/2.1.1:
    dev: true
    engines:
      node: '>=0.10.0'
    resolution:
      integrity: sha1-fB0W1nmhu+WcoCys7PsBHiAfWh8=
  /cliui/3.2.0:
    dependencies:
      string-width: 1.0.2
      strip-ansi: 3.0.1
      wrap-ansi: 2.1.0
    dev: true
    resolution:
      integrity: sha1-EgYBU3qRbSmUD5NNo7SNWFo5IT0=
  /code-point-at/1.1.0:
    dev: true
    engines:
      node: '>=0.10.0'
    resolution:
      integrity: sha1-DQcLTQQ6W+ozovGkDi7bPZpMz3c=
  /colour/0.7.1:
    dev: true
    engines:
      node: '>=0.8'
    resolution:
      integrity: sha1-nLFpkX7F0SwHNtPoaFdG3xyt93g=
  /concat-map/0.0.1:
    dev: true
    resolution:
      integrity: sha1-2Klr13/Wjfd5OnMDajug1UBdR3s=
  /core-js/3.3.3:
    dev: true
    requiresBuild: true
    resolution:
      integrity: sha512-0xmD4vUJRY8nfLyV9zcpC17FtSie5STXzw+HyYw2t8IIvmDnbq7RJUULECCo+NstpJtwK9kx8S+898iyqgeUow==
  /decamelize/1.2.0:
    dev: true
    engines:
      node: '>=0.10.0'
    resolution:
      integrity: sha1-9lNNFRSCabIDUue+4m9QH5oZEpA=
  /dom-storage/2.1.0:
    dev: true
    resolution:
      integrity: sha512-g6RpyWXzl0RR6OTElHKBl7nwnK87GUyZMYC7JWsB/IA73vpqK2K6LT39x4VepLxlSsWBFrPVLnsSR5Jyty0+2Q==
  /encoding/0.1.12:
    dependencies:
      iconv-lite: 0.4.24
    dev: true
    resolution:
      integrity: sha1-U4tm8+5izRq1HsMjgp0flIDHS+s=
  /faye-websocket/0.11.3:
    dependencies:
      websocket-driver: 0.7.3
    dev: true
    engines:
      node: '>=0.8.0'
    resolution:
      integrity: sha512-D2y4bovYpzziGgbHYtGCMjlJM36vAl/y+xUyn1C+FVx8szd1E+86KwVw6XvYSzOP8iMpm1X0I4xJD+QtUb36OA==
  /firebase/7.2.3:
    dependencies:
      '@firebase/analytics': 0.2.4_829e69a4674e6cf8897993fe254f6028
      '@firebase/app': 0.4.22
      '@firebase/app-types': 0.4.7
      '@firebase/auth': 0.12.3_ccb88ecaffeefaf687be96d50ab07f39
      '@firebase/database': 0.5.10
      '@firebase/firestore': 1.6.4_829e69a4674e6cf8897993fe254f6028
      '@firebase/functions': 0.4.23_829e69a4674e6cf8897993fe254f6028
      '@firebase/installations': 0.3.3_829e69a4674e6cf8897993fe254f6028
      '@firebase/messaging': 0.5.4_829e69a4674e6cf8897993fe254f6028
      '@firebase/performance': 0.2.23_829e69a4674e6cf8897993fe254f6028
      '@firebase/polyfill': 0.3.26
      '@firebase/remote-config': 0.1.4_829e69a4674e6cf8897993fe254f6028
      '@firebase/storage': 0.3.17_829e69a4674e6cf8897993fe254f6028
      '@firebase/util': 0.2.31
    dev: true
    resolution:
      integrity: sha512-rLNyyRr/tz1kZLHnqk6S2zmWrGAT1zY4GJCdqrjViK9frUiVfyB1CqOTy/nvZqU4h+O2YGEcw3klqelsUbEVCw==
  /fs.realpath/1.0.0:
    dev: true
    resolution:
      integrity: sha1-FQStJSMVjKpA20onh8sBQRmU6k8=
  /glob/7.1.5:
    dependencies:
      fs.realpath: 1.0.0
      inflight: 1.0.6
      inherits: 2.0.4
      minimatch: 3.0.4
      once: 1.4.0
      path-is-absolute: 1.0.1
    dev: true
    resolution:
      integrity: sha512-J9dlskqUXK1OeTOYBEn5s8aMukWMwWfs+rPTn/jn50Ux4MNXVhubL1wu/j2t+H4NVI+cXEcCaYellqaPVGXNqQ==
  /grpc/1.24.1:
    bundledDependencies:
      - node-pre-gyp
    dependencies:
      '@types/bytebuffer': 5.0.40
      lodash.camelcase: 4.3.0
      lodash.clone: 4.5.0
      nan: 2.14.0
      protobufjs: 5.0.3
    dev: true
    engines:
      node: '>=4'
    requiresBuild: true
    resolution:
      integrity: sha512-NFIWbt3RXZU4VlDLpiAM/Ca8Yz30QShUdPGMqOPH652PmA+2fau2vuW+tOYWQUkYMfBW2yege/T5p65e5TetVQ==
  /http-parser-js/0.4.10:
    dev: true
    resolution:
      integrity: sha1-ksnBN0w1CF912zWexWzCV8u5P6Q=
  /iconv-lite/0.4.24:
    dependencies:
      safer-buffer: 2.1.2
    dev: true
    engines:
      node: '>=0.10.0'
    resolution:
      integrity: sha512-v3MXnZAcvnywkTUEZomIActle7RXXeedOR31wwl7VlyoXO4Qi9arvSenNQWne1TcRwhCL1HwLI21bEqdpj8/rA==
  /idb/3.0.2:
    dev: true
    resolution:
      integrity: sha512-+FLa/0sTXqyux0o6C+i2lOR0VoS60LU/jzUo5xjfY6+7sEEgy4Gz1O7yFBXvjd7N0NyIGWIRg8DcQSLEG+VSPw==
  /inflight/1.0.6:
    dependencies:
      once: 1.4.0
      wrappy: 1.0.2
    dev: true
    resolution:
      integrity: sha1-Sb1jMdfQLQwJvJEKEHW6gWW1bfk=
  /inherits/2.0.4:
    dev: true
    resolution:
      integrity: sha512-k/vGaX4/Yla3WzyMCvTQOXYeIHvqOKtnqBduzTHpzpQZzAskKMhZ2K+EnBiSM9zGSoIFeMpXKxa4dYeZIQqewQ==
  /invert-kv/1.0.0:
    dev: true
    engines:
      node: '>=0.10.0'
    resolution:
      integrity: sha1-EEqOSqym09jNFXqO+L+rLXo//bY=
  /is-fullwidth-code-point/1.0.0:
    dependencies:
      number-is-nan: 1.0.1
    dev: true
    engines:
      node: '>=0.10.0'
    resolution:
      integrity: sha1-754xOG8DGn8NZDr4L95QxFfvAMs=
  /is-stream/1.1.0:
    dev: true
    engines:
      node: '>=0.10.0'
    resolution:
      integrity: sha1-EtSj3U5o4Lec6428hBc66A2RykQ=
  /isomorphic-fetch/2.2.1:
    dependencies:
      node-fetch: 1.7.3
      whatwg-fetch: 3.0.0
    dev: true
    resolution:
      integrity: sha1-YRrhrPFPXoH3KVB0coGf6XM1WKk=
  /lcid/1.0.0:
    dependencies:
      invert-kv: 1.0.0
    dev: true
    engines:
      node: '>=0.10.0'
    resolution:
      integrity: sha1-MIrMr6C8SDo4Z7S28rlQYlHRuDU=
  /lodash.camelcase/4.3.0:
    dev: true
    resolution:
      integrity: sha1-soqmKIorn8ZRA1x3EfZathkDMaY=
  /lodash.clone/4.5.0:
    dev: true
    resolution:
      integrity: sha1-GVhwRQ9aExkkeN9Lw9I9LeoZB7Y=
  /long/3.2.0:
    dev: true
    engines:
      node: '>=0.6'
    resolution:
      integrity: sha1-2CG3E4yhy1gcFymQ7xTbIAtcR0s=
  /long/4.0.0:
    dev: true
    resolution:
      integrity: sha512-XsP+KhQif4bjX1kbuSiySJFNAehNxgLb6hPRGJ9QsUr8ajHkuXGdrHmFUTUUXhDwVX2R5bY4JNZEwbUiMhV+MA==
  /minimatch/3.0.4:
    dependencies:
      brace-expansion: 1.1.11
    dev: true
    resolution:
      integrity: sha512-yJHVQEhyqPLUTgt9B83PXu6W3rx4MvvHvSUvToogpwoGDOUQ+yDrR0HRot+yOCdCO7u4hX3pWft6kWBBcqh0UA==
  /nan/2.14.0:
    dev: true
    resolution:
      integrity: sha512-INOFj37C7k3AfaNTtX8RhsTw7qRy7eLET14cROi9+5HAVbbHuIWUHEauBv5qT4Av2tWasiTY1Jw6puUNqRJXQg==
  /node-fetch/1.7.3:
    dependencies:
      encoding: 0.1.12
      is-stream: 1.1.0
    dev: true
    resolution:
      integrity: sha512-NhZ4CsKx7cYm2vSrBAr2PvFOe6sWDf0UYLRqA6svUYg7+/TSfVAu49jYC4BvQ4Sms9SZgdqGBgroqfDhJdTyKQ==
  /number-is-nan/1.0.1:
    dev: true
    engines:
      node: '>=0.10.0'
    resolution:
      integrity: sha1-CXtgK1NCKlIsGvuHkDGDNpQaAR0=
  /once/1.4.0:
    dependencies:
      wrappy: 1.0.2
    dev: true
    resolution:
      integrity: sha1-WDsap3WWHUsROsF9nFC6753Xa9E=
  /optjs/3.2.2:
    dev: true
    resolution:
      integrity: sha1-aabOicRCpEQDFBrS+bNwvVu29O4=
  /os-locale/1.4.0:
    dependencies:
      lcid: 1.0.0
    dev: true
    engines:
      node: '>=0.10.0'
    resolution:
      integrity: sha1-IPnxeuKe00XoveWDsT0gCYA8FNk=
  /path-is-absolute/1.0.1:
    dev: true
    engines:
      node: '>=0.10.0'
    resolution:
      integrity: sha1-F0uSaHNVNP+8es5r9TpanhtcX18=
  /promise-polyfill/8.1.3:
    dev: true
    resolution:
      integrity: sha512-MG5r82wBzh7pSKDRa9y+vllNHz3e3d4CNj1PQE4BQYxLme0gKYYBm9YENq+UkEikyZ0XbiGWxYlVw3Rl9O/U8g==
  /protobufjs/5.0.3:
    dependencies:
      ascli: 1.0.1
      bytebuffer: 5.0.1
      glob: 7.1.5
      yargs: 3.32.0
    dev: true
    engines:
      node: '>=0.8'
    hasBin: true
    resolution:
      integrity: sha512-55Kcx1MhPZX0zTbVosMQEO5R6/rikNXd9b6RQK4KSPcrSIIwoXTtebIczUrXlwaSrbz4x8XUVThGPob1n8I4QA==
  /protobufjs/6.8.8:
    dependencies:
      '@protobufjs/aspromise': 1.1.2
      '@protobufjs/base64': 1.1.2
      '@protobufjs/codegen': 2.0.4
      '@protobufjs/eventemitter': 1.1.0
      '@protobufjs/fetch': 1.1.0
      '@protobufjs/float': 1.0.2
      '@protobufjs/inquire': 1.1.0
      '@protobufjs/path': 1.1.2
      '@protobufjs/pool': 1.1.0
      '@protobufjs/utf8': 1.1.0
      '@types/long': 4.0.0
      '@types/node': 10.17.3
      long: 4.0.0
    dev: true
    hasBin: true
    requiresBuild: true
    resolution:
      integrity: sha512-AAmHtD5pXgZfi7GMpllpO3q1Xw1OYldr+dMUlAnffGTAhqkg72WdmSY71uKBF/JuyiKs8psYbtKrhi0ASCD8qw==
  /safe-buffer/5.2.0:
    dev: true
    resolution:
      integrity: sha512-fZEwUGbVl7kouZs1jCdMLdt95hdIv0ZeHg6L7qPeciMZhZ+/gdesW4wgTARkrFWEpspjEATAzUGPG8N2jJiwbg==
  /safer-buffer/2.1.2:
    dev: true
    resolution:
      integrity: sha512-YZo3K82SD7Riyi0E1EQPojLz7kpepnSQI9IyPbHHg1XXXevb5dJI7tpyN2ADxGcQbHG7vcyRHk0cbwqcQriUtg==
  /string-width/1.0.2:
    dependencies:
      code-point-at: 1.1.0
      is-fullwidth-code-point: 1.0.0
      strip-ansi: 3.0.1
    dev: true
    engines:
      node: '>=0.10.0'
    resolution:
      integrity: sha1-EYvfW4zcUaKn5w0hHgfisLmxB9M=
  /strip-ansi/3.0.1:
    dependencies:
      ansi-regex: 2.1.1
    dev: true
    engines:
      node: '>=0.10.0'
    resolution:
      integrity: sha1-ajhfuIU9lS1f8F0Oiq+UJ43GPc8=
  /tslib/1.10.0:
    dev: true
    resolution:
      integrity: sha512-qOebF53frne81cf0S9B41ByenJ3/IuH8yJKngAX35CmiZySA0khhkovshKK+jGCaMnVomla7gVlIcc3EvKPbTQ==
  /websocket-driver/0.7.3:
    dependencies:
      http-parser-js: 0.4.10
      safe-buffer: 5.2.0
      websocket-extensions: 0.1.3
    dev: true
    engines:
      node: '>=0.8.0'
    resolution:
      integrity: sha512-bpxWlvbbB459Mlipc5GBzzZwhoZgGEZLuqPaR0INBGnPAY1vdBX6hPnoFXiw+3yWxDuHyQjO2oXTMyS8A5haFg==
  /websocket-extensions/0.1.3:
    dev: true
    engines:
      node: '>=0.8.0'
    resolution:
      integrity: sha512-nqHUnMXmBzT0w570r2JpJxfiSD1IzoI+HGVdd3aZ0yNi3ngvQ4jv1dtHt5VGxfI2yj5yqImPhOK4vmIh2xMbGg==
  /whatwg-fetch/2.0.4:
    dev: true
    resolution:
      integrity: sha512-dcQ1GWpOD/eEQ97k66aiEVpNnapVj90/+R+SXTPYGHpYBBypfKJEQjLrvMZ7YXbKm21gXd4NcuxUTjiv1YtLng==
  /whatwg-fetch/3.0.0:
    dev: true
    resolution:
      integrity: sha512-9GSJUgz1D4MfyKU7KRqwOjXCXTqWdFNvEr7eUBYchQiVc744mqK/MzXPNR2WsPkmkOa4ywfg8C2n8h+13Bey1Q==
  /window-size/0.1.4:
    dev: true
    engines:
      node: '>= 0.10.0'
    hasBin: true
    resolution:
      integrity: sha1-+OGqHuWlPsW/FR/6CXQqatdpeHY=
  /wrap-ansi/2.1.0:
    dependencies:
      string-width: 1.0.2
      strip-ansi: 3.0.1
    dev: true
    engines:
      node: '>=0.10.0'
    resolution:
      integrity: sha1-2Pw9KE3QV5T+hJc8rs3Rz4JP3YU=
  /wrappy/1.0.2:
    dev: true
    resolution:
      integrity: sha1-tSQ9jz7BqjXxNkYFvA0QNuMKtp8=
  /xmlhttprequest/1.8.0:
    dev: true
    engines:
      node: '>=0.4.0'
    resolution:
      integrity: sha1-Z/4HXFwk/vOfnWX197f+dRcZaPw=
  /y18n/3.2.1:
    dev: true
    resolution:
      integrity: sha1-bRX7qITAhnnA136I53WegR4H+kE=
  /yargs/3.32.0:
    dependencies:
      camelcase: 2.1.1
      cliui: 3.2.0
      decamelize: 1.2.0
      os-locale: 1.4.0
      string-width: 1.0.2
      window-size: 0.1.4
      y18n: 3.2.1
    dev: true
    resolution:
      integrity: sha1-AwiOnr+edWtpdRYR0qXvWRSCyZU=
specifiers:
  '@uppload/uploader': ^0.11.0
  firebase: ^7.2.3
