dependencies:
  axios: 0.19.0
lockfileVersion: 5.1
packages:
  /axios/0.19.0:
    dependencies:
      follow-redirects: 1.5.10
      is-buffer: 2.0.4
    dev: false
    resolution:
      integrity: sha512-1uvKqKQta3KBxIz14F2v06AEHZ/dIoeKfbTRkK1E5oqjDnuEerLmYTgJB5AiQZHJcljpg1TuRzdjDR06qNk0DQ==
  /debug/3.1.0:
    dependencies:
      ms: 2.0.0
    dev: false
    resolution:
      integrity: sha512-OX8XqP7/1a9cqkxYw2yXss15f26NKWBpDXQd0/uK/KPqdQhxbPa994hnzjcE2VqQpDslf55723cKPUOGSmMY3g==
  /follow-redirects/1.5.10:
    dependencies:
      debug: 3.1.0
    dev: false
    engines:
      node: '>=4.0'
    resolution:
      integrity: sha512-0V5l4Cizzvqt5D44aTXbFZz+FtyXV1vrDN6qrelxtfYQKW0KO0W2T/hkE8xvGa/540LkZlkaUjO4ailYTFtHVQ==
  /is-buffer/2.0.4:
    dev: false
    engines:
      node: '>=4'
    resolution:
      integrity: sha512-Kq1rokWXOPXWuaMAqZiJW4XxsmD9zGx9q4aePabbn3qCRGedtH7Cm+zV8WETitMfu1wdh+Rvd6w5egwSngUX2A==
  /ms/2.0.0:
    dev: false
    resolution:
      integrity: sha1-VgiurfwAvmwpAd9fmGF4jeDVl8g=
specifiers:
  axios: ^0.19.0
